
Microsoft Visual Studio Solution File, Format Version 12.00
# Visual Studio Version 17
VisualStudioVersion = 17.9.34701.34
MinimumVisualStudioVersion = 10.0.40219.1
Project("{888888A0-9F3D-457C-B088-3A5042F75D52}") = "Grant Database Application", "Grant Database Application.pyproj", "{0160AD98-D595-432F-9A0D-65F1D20E33E6}"
EndProject
Global
	GlobalSection(SolutionConfigurationPlatforms) = preSolution
		Debug|Any CPU = Debug|Any CPU
		Release|Any CPU = Release|Any CPU
	EndGlobalSection
	GlobalSection(ProjectConfigurationPlatforms) = postSolution
		{0160AD98-D595-432F-9A0D-65F1D20E33E6}.Debug|Any CPU.ActiveCfg = Debug|Any CPU
		{0160AD98-D595-432F-9A0D-65F1D20E33E6}.Release|Any CPU.ActiveCfg = Release|Any CPU
	EndGlobalSection
	GlobalSection(SolutionProperties) = preSolution
		HideSolutionNode = FALSE
	EndGlobalSection
	GlobalSection(ExtensibilityGlobals) = postSolution
		SolutionGuid = {37150C11-CB5D-4E26-A213-7CD71C71505F}
	EndGlobalSection
EndGlobal
